
Microsoft Visual Studio Solution File, Format Version 12.00
# Visual Studio Version 16
VisualStudioVersion = 16.0.29025.244
MinimumVisualStudioVersion = 10.0.40219.1
Project("{FAE04EC0-301F-11D3-BF4B-00C04F79EFBC}") = "restapi", "restapi\restapi.csproj", "{32874D65-5110-4207-9863-CC3C08490CF5}"
EndProject
Global
	GlobalSection(SolutionConfigurationPlatforms) = preSolution
		Debug|Any CPU = Debug|Any CPU
		Release|Any CPU = Release|Any CPU
	EndGlobalSection
	GlobalSection(ProjectConfigurationPlatforms) = postSolution
		{32874D65-5110-4207-9863-CC3C08490CF5}.Debug|Any CPU.ActiveCfg = Debug|Any CPU
		{32874D65-5110-4207-9863-CC3C08490CF5}.Debug|Any CPU.Build.0 = Debug|Any CPU
		{32874D65-5110-4207-9863-CC3C08490CF5}.Release|Any CPU.ActiveCfg = Release|Any CPU
		{32874D65-5110-4207-9863-CC3C08490CF5}.Release|Any CPU.Build.0 = Release|Any CPU
	EndGlobalSection
	GlobalSection(SolutionProperties) = preSolution
		HideSolutionNode = FALSE
	EndGlobalSection
	GlobalSection(ExtensibilityGlobals) = postSolution
		SolutionGuid = {3C0F04CB-C6E8-4D37-AF84-AB581B71B56B}
	EndGlobalSection
EndGlobal
